// !$*UTF8*$!
{
	archiveVersion = 1;
	classes = {
	};
	objectVersion = 46;
	objects = {

/* Begin PBXBuildFile section */
		5F7002AA1E25E06E00974508 /* SignInHeaderView.swift in Sources */ = {isa = PBXBuildFile; fileRef = 5F7002A91E25E06E00974508 /* SignInHeaderView.swift */; };
		5F7002AD1E25E11A00974508 /* Constants.swift in Sources */ = {isa = PBXBuildFile; fileRef = 5F7002AC1E25E11A00974508 /* Constants.swift */; };
		5F7002AF1E25E4C800974508 /* RoundButton.swift in Sources */ = {isa = PBXBuildFile; fileRef = 5F7002AE1E25E4C800974508 /* RoundButton.swift */; };
		5F7002B11E25E7FD00974508 /* SignInTextFields.swift in Sources */ = {isa = PBXBuildFile; fileRef = 5F7002B01E25E7FD00974508 /* SignInTextFields.swift */; };
		5F7002B31E25E8DF00974508 /* SignInButton.swift in Sources */ = {isa = PBXBuildFile; fileRef = 5F7002B21E25E8DF00974508 /* SignInButton.swift */; };
		5FBBB32D1E25F47E0082137E /* GoogleService-Info.plist in Resources */ = {isa = PBXBuildFile; fileRef = 5FBBB32C1E25F47E0082137E /* GoogleService-Info.plist */; };
		5FBCA2A81E25CA5900DACC37 /* AppDelegate.swift in Sources */ = {isa = PBXBuildFile; fileRef = 5FBCA2A71E25CA5900DACC37 /* AppDelegate.swift */; };
		5FBCA2AA1E25CA5900DACC37 /* SignInVC.swift in Sources */ = {isa = PBXBuildFile; fileRef = 5FBCA2A91E25CA5900DACC37 /* SignInVC.swift */; };
		5FBCA2AD1E25CA5900DACC37 /* Main.storyboard in Resources */ = {isa = PBXBuildFile; fileRef = 5FBCA2AB1E25CA5900DACC37 /* Main.storyboard */; };
		5FBCA2AF1E25CA5900DACC37 /* Assets.xcassets in Resources */ = {isa = PBXBuildFile; fileRef = 5FBCA2AE1E25CA5900DACC37 /* Assets.xcassets */; };
		5FBCA2B21E25CA5900DACC37 /* LaunchScreen.storyboard in Resources */ = {isa = PBXBuildFile; fileRef = 5FBCA2B01E25CA5900DACC37 /* LaunchScreen.storyboard */; };
		5FC866011E26B22000385330 /* FeedVC.swift in Sources */ = {isa = PBXBuildFile; fileRef = 5FC866001E26B22000385330 /* FeedVC.swift */; };
		8C4D7CD4CC7666D0303E4CC6 /* Pods_devslopes_social.framework in Frameworks */ = {isa = PBXBuildFile; fileRef = 19C6AA5621A39E6329E31896 /* Pods_devslopes_social.framework */; };
/* End PBXBuildFile section */

/* Begin PBXFileReference section */
		19C6AA5621A39E6329E31896 /* Pods_devslopes_social.framework */ = {isa = PBXFileReference; explicitFileType = wrapper.framework; includeInIndex = 0; path = Pods_devslopes_social.framework; sourceTree = BUILT_PRODUCTS_DIR; };
		281528CE465C59B095761B97 /* Pods-devslopes-social.debug.xcconfig */ = {isa = PBXFileReference; includeInIndex = 1; lastKnownFileType = text.xcconfig; name = "Pods-devslopes-social.debug.xcconfig"; path = "Pods/Target Support Files/Pods-devslopes-social/Pods-devslopes-social.debug.xcconfig"; sourceTree = "<group>"; };
		5F7002A91E25E06E00974508 /* SignInHeaderView.swift */ = {isa = PBXFileReference; fileEncoding = 4; lastKnownFileType = sourcecode.swift; path = SignInHeaderView.swift; sourceTree = "<group>"; };
		5F7002AC1E25E11A00974508 /* Constants.swift */ = {isa = PBXFileReference; fileEncoding = 4; lastKnownFileType = sourcecode.swift; path = Constants.swift; sourceTree = "<group>"; };
		5F7002AE1E25E4C800974508 /* RoundButton.swift */ = {isa = PBXFileReference; fileEncoding = 4; lastKnownFileType = sourcecode.swift; path = RoundButton.swift; sourceTree = "<group>"; };
		5F7002B01E25E7FD00974508 /* SignInTextFields.swift */ = {isa = PBXFileReference; fileEncoding = 4; lastKnownFileType = sourcecode.swift; path = SignInTextFields.swift; sourceTree = "<group>"; };
		5F7002B21E25E8DF00974508 /* SignInButton.swift */ = {isa = PBXFileReference; fileEncoding = 4; lastKnownFileType = sourcecode.swift; path = SignInButton.swift; sourceTree = "<group>"; };
		5FBBB32B1E25F29E0082137E /* devslopes-social.entitlements */ = {isa = PBXFileReference; lastKnownFileType = text.plist.entitlements; path = "devslopes-social.entitlements"; sourceTree = "<group>"; };
		5FBBB32C1E25F47E0082137E /* GoogleService-Info.plist */ = {isa = PBXFileReference; fileEncoding = 4; lastKnownFileType = text.plist.xml; path = "GoogleService-Info.plist"; sourceTree = "<group>"; };
		5FBCA2A41E25CA5900DACC37 /* devslopes-social.app */ = {isa = PBXFileReference; explicitFileType = wrapper.application; includeInIndex = 0; path = "devslopes-social.app"; sourceTree = BUILT_PRODUCTS_DIR; };
		5FBCA2A71E25CA5900DACC37 /* AppDelegate.swift */ = {isa = PBXFileReference; lastKnownFileType = sourcecode.swift; path = AppDelegate.swift; sourceTree = "<group>"; };
		5FBCA2A91E25CA5900DACC37 /* SignInVC.swift */ = {isa = PBXFileReference; lastKnownFileType = sourcecode.swift; path = SignInVC.swift; sourceTree = "<group>"; };
		5FBCA2AC1E25CA5900DACC37 /* Base */ = {isa = PBXFileReference; lastKnownFileType = file.storyboard; name = Base; path = Base.lproj/Main.storyboard; sourceTree = "<group>"; };
		5FBCA2AE1E25CA5900DACC37 /* Assets.xcassets */ = {isa = PBXFileReference; lastKnownFileType = folder.assetcatalog; path = Assets.xcassets; sourceTree = "<group>"; };
		5FBCA2B11E25CA5900DACC37 /* Base */ = {isa = PBXFileReference; lastKnownFileType = file.storyboard; name = Base; path = Base.lproj/LaunchScreen.storyboard; sourceTree = "<group>"; };
		5FBCA2B31E25CA5900DACC37 /* Info.plist */ = {isa = PBXFileReference; lastKnownFileType = text.plist.xml; path = Info.plist; sourceTree = "<group>"; };
		5FC866001E26B22000385330 /* FeedVC.swift */ = {isa = PBXFileReference; fileEncoding = 4; lastKnownFileType = sourcecode.swift; path = FeedVC.swift; sourceTree = "<group>"; };
		AD08016D0636DD02FCD715DD /* Pods-devslopes-social.release.xcconfig */ = {isa = PBXFileReference; includeInIndex = 1; lastKnownFileType = text.xcconfig; name = "Pods-devslopes-social.release.xcconfig"; path = "Pods/Target Support Files/Pods-devslopes-social/Pods-devslopes-social.release.xcconfig"; sourceTree = "<group>"; };
/* End PBXFileReference section */

/* Begin PBXFrameworksBuildPhase section */
		5FBCA2A11E25CA5900DACC37 /* Frameworks */ = {
			isa = PBXFrameworksBuildPhase;
			buildActionMask = 2147483647;
			files = (
				8C4D7CD4CC7666D0303E4CC6 /* Pods_devslopes_social.framework in Frameworks */,
			);
			runOnlyForDeploymentPostprocessing = 0;
		};
/* End PBXFrameworksBuildPhase section */

/* Begin PBXGroup section */
		07EFB6FAB4D9CF66F436EB24 /* Pods */ = {
			isa = PBXGroup;
			children = (
				281528CE465C59B095761B97 /* Pods-devslopes-social.debug.xcconfig */,
				AD08016D0636DD02FCD715DD /* Pods-devslopes-social.release.xcconfig */,
			);
			name = Pods;
			sourceTree = "<group>";
		};
		5F7002AB1E25E10700974508 /* Util */ = {
			isa = PBXGroup;
			children = (
				5F7002AC1E25E11A00974508 /* Constants.swift */,
			);
			name = Util;
			sourceTree = "<group>";
		};
		5FBCA29B1E25CA5900DACC37 = {
			isa = PBXGroup;
			children = (
				5FBCA2A61E25CA5900DACC37 /* devslopes-social */,
				5FBCA2A51E25CA5900DACC37 /* Products */,
				07EFB6FAB4D9CF66F436EB24 /* Pods */,
				705516F613B74A61FF02EE64 /* Frameworks */,
			);
			sourceTree = "<group>";
		};
		5FBCA2A51E25CA5900DACC37 /* Products */ = {
			isa = PBXGroup;
			children = (
				5FBCA2A41E25CA5900DACC37 /* devslopes-social.app */,
			);
			name = Products;
			sourceTree = "<group>";
		};
		5FBCA2A61E25CA5900DACC37 /* devslopes-social */ = {
			isa = PBXGroup;
			children = (
				5FBBB32B1E25F29E0082137E /* devslopes-social.entitlements */,
				5FFE16E31E25CC8300C8DEB8 /* Model */,
				5FFE16E41E25CC8900C8DEB8 /* View */,
				5FFE16E51E25CC8C00C8DEB8 /* Controller */,
				5F7002AB1E25E10700974508 /* Util */,
				5FBCA2A71E25CA5900DACC37 /* AppDelegate.swift */,
				5FBCA2AB1E25CA5900DACC37 /* Main.storyboard */,
				5FBCA2AE1E25CA5900DACC37 /* Assets.xcassets */,
				5FBCA2B01E25CA5900DACC37 /* LaunchScreen.storyboard */,
				5FBCA2B31E25CA5900DACC37 /* Info.plist */,
				5FBBB32C1E25F47E0082137E /* GoogleService-Info.plist */,
			);
			path = "devslopes-social";
			sourceTree = "<group>";
		};
		5FFE16E31E25CC8300C8DEB8 /* Model */ = {
			isa = PBXGroup;
			children = (
			);
			name = Model;
			sourceTree = "<group>";
		};
		5FFE16E41E25CC8900C8DEB8 /* View */ = {
			isa = PBXGroup;
			children = (
				5F7002A91E25E06E00974508 /* SignInHeaderView.swift */,
				5F7002AE1E25E4C800974508 /* RoundButton.swift */,
				5F7002B01E25E7FD00974508 /* SignInTextFields.swift */,
				5F7002B21E25E8DF00974508 /* SignInButton.swift */,
			);
			name = View;
			sourceTree = "<group>";
		};
		5FFE16E51E25CC8C00C8DEB8 /* Controller */ = {
			isa = PBXGroup;
			children = (
				5FBCA2A91E25CA5900DACC37 /* SignInVC.swift */,
				5FC866001E26B22000385330 /* FeedVC.swift */,
			);
			name = Controller;
			sourceTree = "<group>";
		};
		705516F613B74A61FF02EE64 /* Frameworks */ = {
			isa = PBXGroup;
			children = (
				19C6AA5621A39E6329E31896 /* Pods_devslopes_social.framework */,
			);
			name = Frameworks;
			sourceTree = "<group>";
		};
/* End PBXGroup section */

/* Begin PBXNativeTarget section */
		5FBCA2A31E25CA5900DACC37 /* devslopes-social */ = {
			isa = PBXNativeTarget;
			buildConfigurationList = 5FBCA2B61E25CA5900DACC37 /* Build configuration list for PBXNativeTarget "devslopes-social" */;
			buildPhases = (
				E861090E8BBB2424A1019121 /* [CP] Check Pods Manifest.lock */,
				5FBCA2A01E25CA5900DACC37 /* Sources */,
				5FBCA2A11E25CA5900DACC37 /* Frameworks */,
				5FBCA2A21E25CA5900DACC37 /* Resources */,
				656F942B0995C35E335A5319 /* [CP] Embed Pods Frameworks */,
				AFA74DCA550C60E725D9C599 /* [CP] Copy Pods Resources */,
			);
			buildRules = (
			);
			dependencies = (
			);
			name = "devslopes-social";
			productName = "devslopes-social";
			productReference = 5FBCA2A41E25CA5900DACC37 /* devslopes-social.app */;
			productType = "com.apple.product-type.application";
		};
/* End PBXNativeTarget section */

/* Begin PBXProject section */
		5FBCA29C1E25CA5900DACC37 /* Project object */ = {
			isa = PBXProject;
			attributes = {
				LastSwiftUpdateCheck = 0820;
				LastUpgradeCheck = 0820;
				ORGANIZATIONNAME = zeakian;
				TargetAttributes = {
					5FBCA2A31E25CA5900DACC37 = {
						CreatedOnToolsVersion = 8.2.1;
						DevelopmentTeam = D58DW9D5G8;
						ProvisioningStyle = Automatic;
						SystemCapabilities = {
							com.apple.Keychain = {
								enabled = 1;
							};
						};
					};
				};
			};
			buildConfigurationList = 5FBCA29F1E25CA5900DACC37 /* Build configuration list for PBXProject "devslopes-social" */;
			compatibilityVersion = "Xcode 3.2";
			developmentRegion = English;
			hasScannedForEncodings = 0;
			knownRegions = (
				en,
				Base,
			);
			mainGroup = 5FBCA29B1E25CA5900DACC37;
			productRefGroup = 5FBCA2A51E25CA5900DACC37 /* Products */;
			projectDirPath = "";
			projectRoot = "";
			targets = (
				5FBCA2A31E25CA5900DACC37 /* devslopes-social */,
			);
		};
/* End PBXProject section */

/* Begin PBXResourcesBuildPhase section */
		5FBCA2A21E25CA5900DACC37 /* Resources */ = {
			isa = PBXResourcesBuildPhase;
			buildActionMask = 2147483647;
			files = (
				5FBCA2B21E25CA5900DACC37 /* LaunchScreen.storyboard in Resources */,
				5FBBB32D1E25F47E0082137E /* GoogleService-Info.plist in Resources */,
				5FBCA2AF1E25CA5900DACC37 /* Assets.xcassets in Resources */,
				5FBCA2AD1E25CA5900DACC37 /* Main.storyboard in Resources */,
			);
			runOnlyForDeploymentPostprocessing = 0;
		};
/* End PBXResourcesBuildPhase section */

/* Begin PBXShellScriptBuildPhase section */
		656F942B0995C35E335A5319 /* [CP] Embed Pods Frameworks */ = {
			isa = PBXShellScriptBuildPhase;
			buildActionMask = 2147483647;
			files = (
			);
			inputPaths = (
			);
			name = "[CP] Embed Pods Frameworks";
			outputPaths = (
			);
			runOnlyForDeploymentPostprocessing = 0;
			shellPath = /bin/sh;
			shellScript = "\"${SRCROOT}/Pods/Target Support Files/Pods-devslopes-social/Pods-devslopes-social-frameworks.sh\"\n";
			showEnvVarsInLog = 0;
		};
		AFA74DCA550C60E725D9C599 /* [CP] Copy Pods Resources */ = {
			isa = PBXShellScriptBuildPhase;
			buildActionMask = 2147483647;
			files = (
			);
			inputPaths = (
			);
			name = "[CP] Copy Pods Resources";
			outputPaths = (
			);
			runOnlyForDeploymentPostprocessing = 0;
			shellPath = /bin/sh;
			shellScript = "\"${SRCROOT}/Pods/Target Support Files/Pods-devslopes-social/Pods-devslopes-social-resources.sh\"\n";
			showEnvVarsInLog = 0;
		};
		E861090E8BBB2424A1019121 /* [CP] Check Pods Manifest.lock */ = {
			isa = PBXShellScriptBuildPhase;
			buildActionMask = 2147483647;
			files = (
			);
			inputPaths = (
			);
			name = "[CP] Check Pods Manifest.lock";
			outputPaths = (
			);
			runOnlyForDeploymentPostprocessing = 0;
			shellPath = /bin/sh;
			shellScript = "diff \"${PODS_ROOT}/../Podfile.lock\" \"${PODS_ROOT}/Manifest.lock\" > /dev/null\nif [ $? != 0 ] ; then\n    # print error to STDERR\n    echo \"error: The sandbox is not in sync with the Podfile.lock. Run 'pod install' or update your CocoaPods installation.\" >&2\n    exit 1\nfi\n";
			showEnvVarsInLog = 0;
		};
/* End PBXShellScriptBuildPhase section */

/* Begin PBXSourcesBuildPhase section */
		5FBCA2A01E25CA5900DACC37 /* Sources */ = {
			isa = PBXSourcesBuildPhase;
			buildActionMask = 2147483647;
			files = (
				5F7002B31E25E8DF00974508 /* SignInButton.swift in Sources */,
				5FC866011E26B22000385330 /* FeedVC.swift in Sources */,
				5FBCA2AA1E25CA5900DACC37 /* SignInVC.swift in Sources */,
				5F7002AA1E25E06E00974508 /* SignInHeaderView.swift in Sources */,
				5F7002AF1E25E4C800974508 /* RoundButton.swift in Sources */,
				5F7002B11E25E7FD00974508 /* SignInTextFields.swift in Sources */,
				5FBCA2A81E25CA5900DACC37 /* AppDelegate.swift in Sources */,
				5F7002AD1E25E11A00974508 /* Constants.swift in Sources */,
			);
			runOnlyForDeploymentPostprocessing = 0;
		};
/* End PBXSourcesBuildPhase section */

/* Begin PBXVariantGroup section */
		5FBCA2AB1E25CA5900DACC37 /* Main.storyboard */ = {
			isa = PBXVariantGroup;
			children = (
				5FBCA2AC1E25CA5900DACC37 /* Base */,
			);
			name = Main.storyboard;
			sourceTree = "<group>";
		};
		5FBCA2B01E25CA5900DACC37 /* LaunchScreen.storyboard */ = {
			isa = PBXVariantGroup;
			children = (
				5FBCA2B11E25CA5900DACC37 /* Base */,
			);
			name = LaunchScreen.storyboard;
			sourceTree = "<group>";
		};
/* End PBXVariantGroup section */

/* Begin XCBuildConfiguration section */
		5FBCA2B41E25CA5900DACC37 /* Debug */ = {
			isa = XCBuildConfiguration;
			buildSettings = {
				ALWAYS_SEARCH_USER_PATHS = NO;
				CLANG_ANALYZER_NONNULL = YES;
				CLANG_CXX_LANGUAGE_STANDARD = "gnu++0x";
				CLANG_CXX_LIBRARY = "libc++";
				CLANG_ENABLE_MODULES = YES;
				CLANG_ENABLE_OBJC_ARC = YES;
				CLANG_WARN_BOOL_CONVERSION = YES;
				CLANG_WARN_CONSTANT_CONVERSION = YES;
				CLANG_WARN_DIRECT_OBJC_ISA_USAGE = YES_ERROR;
				CLANG_WARN_DOCUMENTATION_COMMENTS = YES;
				CLANG_WARN_EMPTY_BODY = YES;
				CLANG_WARN_ENUM_CONVERSION = YES;
				CLANG_WARN_INFINITE_RECURSION = YES;
				CLANG_WARN_INT_CONVERSION = YES;
				CLANG_WARN_OBJC_ROOT_CLASS = YES_ERROR;
				CLANG_WARN_SUSPICIOUS_MOVE = YES;
				CLANG_WARN_UNREACHABLE_CODE = YES;
				CLANG_WARN__DUPLICATE_METHOD_MATCH = YES;
				"CODE_SIGN_IDENTITY[sdk=iphoneos*]" = "iPhone Developer";
				COPY_PHASE_STRIP = NO;
				DEBUG_INFORMATION_FORMAT = dwarf;
				ENABLE_STRICT_OBJC_MSGSEND = YES;
				ENABLE_TESTABILITY = YES;
				GCC_C_LANGUAGE_STANDARD = gnu99;
				GCC_DYNAMIC_NO_PIC = NO;
				GCC_NO_COMMON_BLOCKS = YES;
				GCC_OPTIMIZATION_LEVEL = 0;
				GCC_PREPROCESSOR_DEFINITIONS = (
					"DEBUG=1",
					"$(inherited)",
				);
				GCC_WARN_64_TO_32_BIT_CONVERSION = YES;
				GCC_WARN_ABOUT_RETURN_TYPE = YES_ERROR;
				GCC_WARN_UNDECLARED_SELECTOR = YES;
				GCC_WARN_UNINITIALIZED_AUTOS = YES_AGGRESSIVE;
				GCC_WARN_UNUSED_FUNCTION = YES;
				GCC_WARN_UNUSED_VARIABLE = YES;
				IPHONEOS_DEPLOYMENT_TARGET = 10.2;
				MTL_ENABLE_DEBUG_INFO = YES;
				ONLY_ACTIVE_ARCH = YES;
				SDKROOT = iphoneos;
				SWIFT_ACTIVE_COMPILATION_CONDITIONS = DEBUG;
				SWIFT_OPTIMIZATION_LEVEL = "-Onone";
				TARGETED_DEVICE_FAMILY = "1,2";
			};
			name = Debug;
		};
		5FBCA2B51E25CA5900DACC37 /* Release */ = {
			isa = XCBuildConfiguration;
			buildSettings = {
				ALWAYS_SEARCH_USER_PATHS = NO;
				CLANG_ANALYZER_NONNULL = YES;
				CLANG_CXX_LANGUAGE_STANDARD = "gnu++0x";
				CLANG_CXX_LIBRARY = "libc++";
				CLANG_ENABLE_MODULES = YES;
				CLANG_ENABLE_OBJC_ARC = YES;
				CLANG_WARN_BOOL_CONVERSION = YES;
				CLANG_WARN_CONSTANT_CONVERSION = YES;
				CLANG_WARN_DIRECT_OBJC_ISA_USAGE = YES_ERROR;
				CLANG_WARN_DOCUMENTATION_COMMENTS = YES;
				CLANG_WARN_EMPTY_BODY = YES;
				CLANG_WARN_ENUM_CONVERSION = YES;
				CLANG_WARN_INFINITE_RECURSION = YES;
				CLANG_WARN_INT_CONVERSION = YES;
				CLANG_WARN_OBJC_ROOT_CLASS = YES_ERROR;
				CLANG_WARN_SUSPICIOUS_MOVE = YES;
				CLANG_WARN_UNREACHABLE_CODE = YES;
				CLANG_WARN__DUPLICATE_METHOD_MATCH = YES;
				"CODE_SIGN_IDENTITY[sdk=iphoneos*]" = "iPhone Developer";
				COPY_PHASE_STRIP = NO;
				DEBUG_INFORMATION_FORMAT = "dwarf-with-dsym";
				ENABLE_NS_ASSERTIONS = NO;
				ENABLE_STRICT_OBJC_MSGSEND = YES;
				GCC_C_LANGUAGE_STANDARD = gnu99;
				GCC_NO_COMMON_BLOCKS = YES;
				GCC_WARN_64_TO_32_BIT_CONVERSION = YES;
				GCC_WARN_ABOUT_RETURN_TYPE = YES_ERROR;
				GCC_WARN_UNDECLARED_SELECTOR = YES;
				GCC_WARN_UNINITIALIZED_AUTOS = YES_AGGRESSIVE;
				GCC_WARN_UNUSED_FUNCTION = YES;
				GCC_WARN_UNUSED_VARIABLE = YES;
				IPHONEOS_DEPLOYMENT_TARGET = 10.2;
				MTL_ENABLE_DEBUG_INFO = NO;
				SDKROOT = iphoneos;
				SWIFT_OPTIMIZATION_LEVEL = "-Owholemodule";
				TARGETED_DEVICE_FAMILY = "1,2";
				VALIDATE_PRODUCT = YES;
			};
			name = Release;
		};
		5FBCA2B71E25CA5900DACC37 /* Debug */ = {
			isa = XCBuildConfiguration;
			baseConfigurationReference = 281528CE465C59B095761B97 /* Pods-devslopes-social.debug.xcconfig */;
			buildSettings = {
				ASSETCATALOG_COMPILER_APPICON_NAME = AppIcon;
				CODE_SIGN_ENTITLEMENTS = "devslopes-social/devslopes-social.entitlements";
				DEVELOPMENT_TEAM = D58DW9D5G8;
				FRAMEWORK_SEARCH_PATHS = (
					"$(inherited)",
					"$(PROJECT_DIR)",
				);
				INFOPLIST_FILE = "devslopes-social/Info.plist";
				LD_RUNPATH_SEARCH_PATHS = "$(inherited) @executable_path/Frameworks";
				PRODUCT_BUNDLE_IDENTIFIER = "com.zeakian.devslopes-social";
				PRODUCT_NAME = "$(TARGET_NAME)";
				SWIFT_VERSION = 3.0;
			};
			name = Debug;
		};
		5FBCA2B81E25CA5900DACC37 /* Release */ = {
			isa = XCBuildConfiguration;
			baseConfigurationReference = AD08016D0636DD02FCD715DD /* Pods-devslopes-social.release.xcconfig */;
			buildSettings = {
				ASSETCATALOG_COMPILER_APPICON_NAME = AppIcon;
				CODE_SIGN_ENTITLEMENTS = "devslopes-social/devslopes-social.entitlements";
				DEVELOPMENT_TEAM = D58DW9D5G8;
				FRAMEWORK_SEARCH_PATHS = (
					"$(inherited)",
					"$(PROJECT_DIR)",
				);
				INFOPLIST_FILE = "devslopes-social/Info.plist";
				LD_RUNPATH_SEARCH_PATHS = "$(inherited) @executable_path/Frameworks";
				PRODUCT_BUNDLE_IDENTIFIER = "com.zeakian.devslopes-social";
				PRODUCT_NAME = "$(TARGET_NAME)";
				SWIFT_VERSION = 3.0;
			};
			name = Release;
		};
/* End XCBuildConfiguration section */

/* Begin XCConfigurationList section */
		5FBCA29F1E25CA5900DACC37 /* Build configuration list for PBXProject "devslopes-social" */ = {
			isa = XCConfigurationList;
			buildConfigurations = (
				5FBCA2B41E25CA5900DACC37 /* Debug */,
				5FBCA2B51E25CA5900DACC37 /* Release */,
			);
			defaultConfigurationIsVisible = 0;
			defaultConfigurationName = Release;
		};
		5FBCA2B61E25CA5900DACC37 /* Build configuration list for PBXNativeTarget "devslopes-social" */ = {
			isa = XCConfigurationList;
			buildConfigurations = (
				5FBCA2B71E25CA5900DACC37 /* Debug */,
				5FBCA2B81E25CA5900DACC37 /* Release */,
			);
			defaultConfigurationIsVisible = 0;
			defaultConfigurationName = Release;
		};
/* End XCConfigurationList section */
	};
	rootObject = 5FBCA29C1E25CA5900DACC37 /* Project object */;
}
